
Microsoft Visual Studio Solution File, Format Version 12.00
# Visual Studio 14
VisualStudioVersion = 14.0.25420.1
MinimumVisualStudioVersion = 10.0.40219.1
Project("{FAE04EC0-301F-11D3-BF4B-00C04F79EFBC}") = "Game", "Game\Game\Game.csproj", "{1764F7B7-48A6-4233-9B73-D0C728370D1B}"
EndProject
Project("{FAE04EC0-301F-11D3-BF4B-00C04F79EFBC}") = "Game.Droid", "Game\Game.Droid\Game.Droid.csproj", "{AB87CB51-8310-4AAA-BF29-32E5E764994B}"
EndProject
Project("{FAE04EC0-301F-11D3-BF4B-00C04F79EFBC}") = "Game.iOS", "Game\Game.iOS\Game.iOS.csproj", "{D332E828-600B-4C61-AB6A-4A6B8F05915E}"
EndProject
Project("{FAE04EC0-301F-11D3-BF4B-00C04F79EFBC}") = "Game.WinPhone", "Game\Game.WinPhone\Game.WinPhone.csproj", "{82962DF5-A140-4C1E-BDAD-36F6D25866DC}"
EndProject
Project("{FAE04EC0-301F-11D3-BF4B-00C04F79EFBC}") = "Game.UWP", "Game\Game.UWP\Game.UWP.csproj", "{C1F94FC3-EF5C-4C35-AB46-AA658B4A9C59}"
EndProject
Project("{FAE04EC0-301F-11D3-BF4B-00C04F79EFBC}") = "Game.Windows", "Game\Game.Windows\Game.Windows.csproj", "{09E3CD3B-7048-4E7F-8008-C74B91876E4B}"
EndProject
Project("{2150E333-8FDC-42A3-9474-1A3956D46DE8}") = "Solution Items", "Solution Items", "{484843E9-C4C2-40E0-98CC-31071C3B074F}"
	ProjectSection(SolutionItems) = preProject
		README.md = README.md
	EndProjectSection
EndProject
Global
	GlobalSection(SolutionConfigurationPlatforms) = preSolution
		Ad-Hoc|Any CPU = Ad-Hoc|Any CPU
		Ad-Hoc|ARM = Ad-Hoc|ARM
		Ad-Hoc|iPhone = Ad-Hoc|iPhone
		Ad-Hoc|iPhoneSimulator = Ad-Hoc|iPhoneSimulator
		Ad-Hoc|x64 = Ad-Hoc|x64
		Ad-Hoc|x86 = Ad-Hoc|x86
		AppStore|Any CPU = AppStore|Any CPU
		AppStore|ARM = AppStore|ARM
		AppStore|iPhone = AppStore|iPhone
		AppStore|iPhoneSimulator = AppStore|iPhoneSimulator
		AppStore|x64 = AppStore|x64
		AppStore|x86 = AppStore|x86
		Debug|Any CPU = Debug|Any CPU
		Debug|ARM = Debug|ARM
		Debug|iPhone = Debug|iPhone
		Debug|iPhoneSimulator = Debug|iPhoneSimulator
		Debug|x64 = Debug|x64
		Debug|x86 = Debug|x86
		Release|Any CPU = Release|Any CPU
		Release|ARM = Release|ARM
		Release|iPhone = Release|iPhone
		Release|iPhoneSimulator = Release|iPhoneSimulator
		Release|x64 = Release|x64
		Release|x86 = Release|x86
	EndGlobalSection
	GlobalSection(ProjectConfigurationPlatforms) = postSolution
		{1764F7B7-48A6-4233-9B73-D0C728370D1B}.Ad-Hoc|Any CPU.ActiveCfg = Release|Any CPU
		{1764F7B7-48A6-4233-9B73-D0C728370D1B}.Ad-Hoc|Any CPU.Build.0 = Release|Any CPU
		{1764F7B7-48A6-4233-9B73-D0C728370D1B}.Ad-Hoc|ARM.ActiveCfg = Release|Any CPU
		{1764F7B7-48A6-4233-9B73-D0C728370D1B}.Ad-Hoc|ARM.Build.0 = Release|Any CPU
		{1764F7B7-48A6-4233-9B73-D0C728370D1B}.Ad-Hoc|iPhone.ActiveCfg = Release|Any CPU
		{1764F7B7-48A6-4233-9B73-D0C728370D1B}.Ad-Hoc|iPhone.Build.0 = Release|Any CPU
		{1764F7B7-48A6-4233-9B73-D0C728370D1B}.Ad-Hoc|iPhoneSimulator.ActiveCfg = Release|Any CPU
		{1764F7B7-48A6-4233-9B73-D0C728370D1B}.Ad-Hoc|iPhoneSimulator.Build.0 = Release|Any CPU
		{1764F7B7-48A6-4233-9B73-D0C728370D1B}.Ad-Hoc|x64.ActiveCfg = Release|Any CPU
		{1764F7B7-48A6-4233-9B73-D0C728370D1B}.Ad-Hoc|x64.Build.0 = Release|Any CPU
		{1764F7B7-48A6-4233-9B73-D0C728370D1B}.Ad-Hoc|x86.ActiveCfg = Release|Any CPU
		{1764F7B7-48A6-4233-9B73-D0C728370D1B}.Ad-Hoc|x86.Build.0 = Release|Any CPU
		{1764F7B7-48A6-4233-9B73-D0C728370D1B}.AppStore|Any CPU.ActiveCfg = Release|Any CPU
		{1764F7B7-48A6-4233-9B73-D0C728370D1B}.AppStore|Any CPU.Build.0 = Release|Any CPU
		{1764F7B7-48A6-4233-9B73-D0C728370D1B}.AppStore|ARM.ActiveCfg = Release|Any CPU
		{1764F7B7-48A6-4233-9B73-D0C728370D1B}.AppStore|ARM.Build.0 = Release|Any CPU
		{1764F7B7-48A6-4233-9B73-D0C728370D1B}.AppStore|iPhone.ActiveCfg = Release|Any CPU
		{1764F7B7-48A6-4233-9B73-D0C728370D1B}.AppStore|iPhone.Build.0 = Release|Any CPU
		{1764F7B7-48A6-4233-9B73-D0C728370D1B}.AppStore|iPhoneSimulator.ActiveCfg = Release|Any CPU
		{1764F7B7-48A6-4233-9B73-D0C728370D1B}.AppStore|iPhoneSimulator.Build.0 = Release|Any CPU
		{1764F7B7-48A6-4233-9B73-D0C728370D1B}.AppStore|x64.ActiveCfg = Release|Any CPU
		{1764F7B7-48A6-4233-9B73-D0C728370D1B}.AppStore|x64.Build.0 = Release|Any CPU
		{1764F7B7-48A6-4233-9B73-D0C728370D1B}.AppStore|x86.ActiveCfg = Release|Any CPU
		{1764F7B7-48A6-4233-9B73-D0C728370D1B}.AppStore|x86.Build.0 = Release|Any CPU
		{1764F7B7-48A6-4233-9B73-D0C728370D1B}.Debug|Any CPU.ActiveCfg = Debug|Any CPU
		{1764F7B7-48A6-4233-9B73-D0C728370D1B}.Debug|Any CPU.Build.0 = Debug|Any CPU
		{1764F7B7-48A6-4233-9B73-D0C728370D1B}.Debug|ARM.ActiveCfg = Debug|Any CPU
		{1764F7B7-48A6-4233-9B73-D0C728370D1B}.Debug|ARM.Build.0 = Debug|Any CPU
		{1764F7B7-48A6-4233-9B73-D0C728370D1B}.Debug|iPhone.ActiveCfg = Debug|Any CPU
		{1764F7B7-48A6-4233-9B73-D0C728370D1B}.Debug|iPhone.Build.0 = Debug|Any CPU
		{1764F7B7-48A6-4233-9B73-D0C728370D1B}.Debug|iPhoneSimulator.ActiveCfg = Debug|Any CPU
		{1764F7B7-48A6-4233-9B73-D0C728370D1B}.Debug|iPhoneSimulator.Build.0 = Debug|Any CPU
		{1764F7B7-48A6-4233-9B73-D0C728370D1B}.Debug|x64.ActiveCfg = Debug|Any CPU
		{1764F7B7-48A6-4233-9B73-D0C728370D1B}.Debug|x64.Build.0 = Debug|Any CPU
		{1764F7B7-48A6-4233-9B73-D0C728370D1B}.Debug|x86.ActiveCfg = Debug|Any CPU
		{1764F7B7-48A6-4233-9B73-D0C728370D1B}.Debug|x86.Build.0 = Debug|Any CPU
		{1764F7B7-48A6-4233-9B73-D0C728370D1B}.Release|Any CPU.ActiveCfg = Release|Any CPU
		{1764F7B7-48A6-4233-9B73-D0C728370D1B}.Release|Any CPU.Build.0 = Release|Any CPU
		{1764F7B7-48A6-4233-9B73-D0C728370D1B}.Release|ARM.ActiveCfg = Release|Any CPU
		{1764F7B7-48A6-4233-9B73-D0C728370D1B}.Release|ARM.Build.0 = Release|Any CPU
		{1764F7B7-48A6-4233-9B73-D0C728370D1B}.Release|iPhone.ActiveCfg = Release|Any CPU
		{1764F7B7-48A6-4233-9B73-D0C728370D1B}.Release|iPhone.Build.0 = Release|Any CPU
		{1764F7B7-48A6-4233-9B73-D0C728370D1B}.Release|iPhoneSimulator.ActiveCfg = Release|Any CPU
		{1764F7B7-48A6-4233-9B73-D0C728370D1B}.Release|iPhoneSimulator.Build.0 = Release|Any CPU
		{1764F7B7-48A6-4233-9B73-D0C728370D1B}.Release|x64.ActiveCfg = Release|Any CPU
		{1764F7B7-48A6-4233-9B73-D0C728370D1B}.Release|x64.Build.0 = Release|Any CPU
		{1764F7B7-48A6-4233-9B73-D0C728370D1B}.Release|x86.ActiveCfg = Release|Any CPU
		{1764F7B7-48A6-4233-9B73-D0C728370D1B}.Release|x86.Build.0 = Release|Any CPU
		{AB87CB51-8310-4AAA-BF29-32E5E764994B}.Ad-Hoc|Any CPU.ActiveCfg = Release|Any CPU
		{AB87CB51-8310-4AAA-BF29-32E5E764994B}.Ad-Hoc|Any CPU.Build.0 = Release|Any CPU
		{AB87CB51-8310-4AAA-BF29-32E5E764994B}.Ad-Hoc|Any CPU.Deploy.0 = Release|Any CPU
		{AB87CB51-8310-4AAA-BF29-32E5E764994B}.Ad-Hoc|ARM.ActiveCfg = Release|Any CPU
		{AB87CB51-8310-4AAA-BF29-32E5E764994B}.Ad-Hoc|ARM.Build.0 = Release|Any CPU
		{AB87CB51-8310-4AAA-BF29-32E5E764994B}.Ad-Hoc|ARM.Deploy.0 = Release|Any CPU
		{AB87CB51-8310-4AAA-BF29-32E5E764994B}.Ad-Hoc|iPhone.ActiveCfg = Release|Any CPU
		{AB87CB51-8310-4AAA-BF29-32E5E764994B}.Ad-Hoc|iPhone.Build.0 = Release|Any CPU
		{AB87CB51-8310-4AAA-BF29-32E5E764994B}.Ad-Hoc|iPhone.Deploy.0 = Release|Any CPU
		{AB87CB51-8310-4AAA-BF29-32E5E764994B}.Ad-Hoc|iPhoneSimulator.ActiveCfg = Release|Any CPU
		{AB87CB51-8310-4AAA-BF29-32E5E764994B}.Ad-Hoc|iPhoneSimulator.Build.0 = Release|Any CPU
		{AB87CB51-8310-4AAA-BF29-32E5E764994B}.Ad-Hoc|iPhoneSimulator.Deploy.0 = Release|Any CPU
		{AB87CB51-8310-4AAA-BF29-32E5E764994B}.Ad-Hoc|x64.ActiveCfg = Release|Any CPU
		{AB87CB51-8310-4AAA-BF29-32E5E764994B}.Ad-Hoc|x64.Build.0 = Release|Any CPU
		{AB87CB51-8310-4AAA-BF29-32E5E764994B}.Ad-Hoc|x64.Deploy.0 = Release|Any CPU
		{AB87CB51-8310-4AAA-BF29-32E5E764994B}.Ad-Hoc|x86.ActiveCfg = Release|Any CPU
		{AB87CB51-8310-4AAA-BF29-32E5E764994B}.Ad-Hoc|x86.Build.0 = Release|Any CPU
		{AB87CB51-8310-4AAA-BF29-32E5E764994B}.Ad-Hoc|x86.Deploy.0 = Release|Any CPU
		{AB87CB51-8310-4AAA-BF29-32E5E764994B}.AppStore|Any CPU.ActiveCfg = Release|Any CPU
		{AB87CB51-8310-4AAA-BF29-32E5E764994B}.AppStore|Any CPU.Build.0 = Release|Any CPU
		{AB87CB51-8310-4AAA-BF29-32E5E764994B}.AppStore|Any CPU.Deploy.0 = Release|Any CPU
		{AB87CB51-8310-4AAA-BF29-32E5E764994B}.AppStore|ARM.ActiveCfg = Release|Any CPU
		{AB87CB51-8310-4AAA-BF29-32E5E764994B}.AppStore|ARM.Build.0 = Release|Any CPU
		{AB87CB51-8310-4AAA-BF29-32E5E764994B}.AppStore|ARM.Deploy.0 = Release|Any CPU
		{AB87CB51-8310-4AAA-BF29-32E5E764994B}.AppStore|iPhone.ActiveCfg = Release|Any CPU
		{AB87CB51-8310-4AAA-BF29-32E5E764994B}.AppStore|iPhone.Build.0 = Release|Any CPU
		{AB87CB51-8310-4AAA-BF29-32E5E764994B}.AppStore|iPhone.Deploy.0 = Release|Any CPU
		{AB87CB51-8310-4AAA-BF29-32E5E764994B}.AppStore|iPhoneSimulator.ActiveCfg = Release|Any CPU
		{AB87CB51-8310-4AAA-BF29-32E5E764994B}.AppStore|iPhoneSimulator.Build.0 = Release|Any CPU
		{AB87CB51-8310-4AAA-BF29-32E5E764994B}.AppStore|iPhoneSimulator.Deploy.0 = Release|Any CPU
		{AB87CB51-8310-4AAA-BF29-32E5E764994B}.AppStore|x64.ActiveCfg = Release|Any CPU
		{AB87CB51-8310-4AAA-BF29-32E5E764994B}.AppStore|x64.Build.0 = Release|Any CPU
		{AB87CB51-8310-4AAA-BF29-32E5E764994B}.AppStore|x64.Deploy.0 = Release|Any CPU
		{AB87CB51-8310-4AAA-BF29-32E5E764994B}.AppStore|x86.ActiveCfg = Release|Any CPU
		{AB87CB51-8310-4AAA-BF29-32E5E764994B}.AppStore|x86.Build.0 = Release|Any CPU
		{AB87CB51-8310-4AAA-BF29-32E5E764994B}.AppStore|x86.Deploy.0 = Release|Any CPU
		{AB87CB51-8310-4AAA-BF29-32E5E764994B}.Debug|Any CPU.ActiveCfg = Debug|Any CPU
		{AB87CB51-8310-4AAA-BF29-32E5E764994B}.Debug|Any CPU.Build.0 = Debug|Any CPU
		{AB87CB51-8310-4AAA-BF29-32E5E764994B}.Debug|Any CPU.Deploy.0 = Debug|Any CPU
		{AB87CB51-8310-4AAA-BF29-32E5E764994B}.Debug|ARM.ActiveCfg = Debug|Any CPU
		{AB87CB51-8310-4AAA-BF29-32E5E764994B}.Debug|ARM.Build.0 = Debug|Any CPU
		{AB87CB51-8310-4AAA-BF29-32E5E764994B}.Debug|ARM.Deploy.0 = Debug|Any CPU
		{AB87CB51-8310-4AAA-BF29-32E5E764994B}.Debug|iPhone.ActiveCfg = Debug|Any CPU
		{AB87CB51-8310-4AAA-BF29-32E5E764994B}.Debug|iPhone.Build.0 = Debug|Any CPU
		{AB87CB51-8310-4AAA-BF29-32E5E764994B}.Debug|iPhone.Deploy.0 = Debug|Any CPU
		{AB87CB51-8310-4AAA-BF29-32E5E764994B}.Debug|iPhoneSimulator.ActiveCfg = Debug|Any CPU
		{AB87CB51-8310-4AAA-BF29-32E5E764994B}.Debug|iPhoneSimulator.Build.0 = Debug|Any CPU
		{AB87CB51-8310-4AAA-BF29-32E5E764994B}.Debug|iPhoneSimulator.Deploy.0 = Debug|Any CPU
		{AB87CB51-8310-4AAA-BF29-32E5E764994B}.Debug|x64.ActiveCfg = Debug|Any CPU
		{AB87CB51-8310-4AAA-BF29-32E5E764994B}.Debug|x64.Build.0 = Debug|Any CPU
		{AB87CB51-8310-4AAA-BF29-32E5E764994B}.Debug|x64.Deploy.0 = Debug|Any CPU
		{AB87CB51-8310-4AAA-BF29-32E5E764994B}.Debug|x86.ActiveCfg = Debug|Any CPU
		{AB87CB51-8310-4AAA-BF29-32E5E764994B}.Debug|x86.Build.0 = Debug|Any CPU
		{AB87CB51-8310-4AAA-BF29-32E5E764994B}.Debug|x86.Deploy.0 = Debug|Any CPU
		{AB87CB51-8310-4AAA-BF29-32E5E764994B}.Release|Any CPU.ActiveCfg = Release|Any CPU
		{AB87CB51-8310-4AAA-BF29-32E5E764994B}.Release|Any CPU.Build.0 = Release|Any CPU
		{AB87CB51-8310-4AAA-BF29-32E5E764994B}.Release|Any CPU.Deploy.0 = Release|Any CPU
		{AB87CB51-8310-4AAA-BF29-32E5E764994B}.Release|ARM.ActiveCfg = Release|Any CPU
		{AB87CB51-8310-4AAA-BF29-32E5E764994B}.Release|ARM.Build.0 = Release|Any CPU
		{AB87CB51-8310-4AAA-BF29-32E5E764994B}.Release|ARM.Deploy.0 = Release|Any CPU
		{AB87CB51-8310-4AAA-BF29-32E5E764994B}.Release|iPhone.ActiveCfg = Release|Any CPU
		{AB87CB51-8310-4AAA-BF29-32E5E764994B}.Release|iPhone.Build.0 = Release|Any CPU
		{AB87CB51-8310-4AAA-BF29-32E5E764994B}.Release|iPhone.Deploy.0 = Release|Any CPU
		{AB87CB51-8310-4AAA-BF29-32E5E764994B}.Release|iPhoneSimulator.ActiveCfg = Release|Any CPU
		{AB87CB51-8310-4AAA-BF29-32E5E764994B}.Release|iPhoneSimulator.Build.0 = Release|Any CPU
		{AB87CB51-8310-4AAA-BF29-32E5E764994B}.Release|iPhoneSimulator.Deploy.0 = Release|Any CPU
		{AB87CB51-8310-4AAA-BF29-32E5E764994B}.Release|x64.ActiveCfg = Release|Any CPU
		{AB87CB51-8310-4AAA-BF29-32E5E764994B}.Release|x64.Build.0 = Release|Any CPU
		{AB87CB51-8310-4AAA-BF29-32E5E764994B}.Release|x64.Deploy.0 = Release|Any CPU
		{AB87CB51-8310-4AAA-BF29-32E5E764994B}.Release|x86.ActiveCfg = Release|Any CPU
		{AB87CB51-8310-4AAA-BF29-32E5E764994B}.Release|x86.Build.0 = Release|Any CPU
		{AB87CB51-8310-4AAA-BF29-32E5E764994B}.Release|x86.Deploy.0 = Release|Any CPU
		{D332E828-600B-4C61-AB6A-4A6B8F05915E}.Ad-Hoc|Any CPU.ActiveCfg = Ad-Hoc|iPhone
		{D332E828-600B-4C61-AB6A-4A6B8F05915E}.Ad-Hoc|ARM.ActiveCfg = Ad-Hoc|iPhone
		{D332E828-600B-4C61-AB6A-4A6B8F05915E}.Ad-Hoc|iPhone.ActiveCfg = Ad-Hoc|iPhone
		{D332E828-600B-4C61-AB6A-4A6B8F05915E}.Ad-Hoc|iPhone.Build.0 = Ad-Hoc|iPhone
		{D332E828-600B-4C61-AB6A-4A6B8F05915E}.Ad-Hoc|iPhoneSimulator.ActiveCfg = Ad-Hoc|iPhoneSimulator
		{D332E828-600B-4C61-AB6A-4A6B8F05915E}.Ad-Hoc|iPhoneSimulator.Build.0 = Ad-Hoc|iPhoneSimulator
		{D332E828-600B-4C61-AB6A-4A6B8F05915E}.Ad-Hoc|x64.ActiveCfg = Ad-Hoc|iPhone
		{D332E828-600B-4C61-AB6A-4A6B8F05915E}.Ad-Hoc|x86.ActiveCfg = Ad-Hoc|iPhone
		{D332E828-600B-4C61-AB6A-4A6B8F05915E}.AppStore|Any CPU.ActiveCfg = AppStore|iPhone
		{D332E828-600B-4C61-AB6A-4A6B8F05915E}.AppStore|ARM.ActiveCfg = AppStore|iPhone
		{D332E828-600B-4C61-AB6A-4A6B8F05915E}.AppStore|iPhone.ActiveCfg = AppStore|iPhone
		{D332E828-600B-4C61-AB6A-4A6B8F05915E}.AppStore|iPhone.Build.0 = AppStore|iPhone
		{D332E828-600B-4C61-AB6A-4A6B8F05915E}.AppStore|iPhoneSimulator.ActiveCfg = AppStore|iPhoneSimulator
		{D332E828-600B-4C61-AB6A-4A6B8F05915E}.AppStore|iPhoneSimulator.Build.0 = AppStore|iPhoneSimulator
		{D332E828-600B-4C61-AB6A-4A6B8F05915E}.AppStore|x64.ActiveCfg = AppStore|iPhone
		{D332E828-600B-4C61-AB6A-4A6B8F05915E}.AppStore|x86.ActiveCfg = AppStore|iPhone
		{D332E828-600B-4C61-AB6A-4A6B8F05915E}.Debug|Any CPU.ActiveCfg = Debug|iPhone
		{D332E828-600B-4C61-AB6A-4A6B8F05915E}.Debug|ARM.ActiveCfg = Debug|iPhone
		{D332E828-600B-4C61-AB6A-4A6B8F05915E}.Debug|iPhone.ActiveCfg = Debug|iPhone
		{D332E828-600B-4C61-AB6A-4A6B8F05915E}.Debug|iPhone.Build.0 = Debug|iPhone
		{D332E828-600B-4C61-AB6A-4A6B8F05915E}.Debug|iPhoneSimulator.ActiveCfg = Debug|iPhoneSimulator
		{D332E828-600B-4C61-AB6A-4A6B8F05915E}.Debug|iPhoneSimulator.Build.0 = Debug|iPhoneSimulator
		{D332E828-600B-4C61-AB6A-4A6B8F05915E}.Debug|x64.ActiveCfg = Debug|iPhone
		{D332E828-600B-4C61-AB6A-4A6B8F05915E}.Debug|x86.ActiveCfg = Debug|iPhone
		{D332E828-600B-4C61-AB6A-4A6B8F05915E}.Release|Any CPU.ActiveCfg = Release|iPhone
		{D332E828-600B-4C61-AB6A-4A6B8F05915E}.Release|ARM.ActiveCfg = Release|iPhone
		{D332E828-600B-4C61-AB6A-4A6B8F05915E}.Release|iPhone.ActiveCfg = Release|iPhone
		{D332E828-600B-4C61-AB6A-4A6B8F05915E}.Release|iPhone.Build.0 = Release|iPhone
		{D332E828-600B-4C61-AB6A-4A6B8F05915E}.Release|iPhoneSimulator.ActiveCfg = Release|iPhoneSimulator
		{D332E828-600B-4C61-AB6A-4A6B8F05915E}.Release|iPhoneSimulator.Build.0 = Release|iPhoneSimulator
		{D332E828-600B-4C61-AB6A-4A6B8F05915E}.Release|x64.ActiveCfg = Release|iPhone
		{D332E828-600B-4C61-AB6A-4A6B8F05915E}.Release|x86.ActiveCfg = Release|iPhone
		{82962DF5-A140-4C1E-BDAD-36F6D25866DC}.Ad-Hoc|Any CPU.ActiveCfg = Release|Any CPU
		{82962DF5-A140-4C1E-BDAD-36F6D25866DC}.Ad-Hoc|Any CPU.Build.0 = Release|Any CPU
		{82962DF5-A140-4C1E-BDAD-36F6D25866DC}.Ad-Hoc|Any CPU.Deploy.0 = Release|Any CPU
		{82962DF5-A140-4C1E-BDAD-36F6D25866DC}.Ad-Hoc|ARM.ActiveCfg = Release|ARM
		{82962DF5-A140-4C1E-BDAD-36F6D25866DC}.Ad-Hoc|ARM.Build.0 = Release|ARM
		{82962DF5-A140-4C1E-BDAD-36F6D25866DC}.Ad-Hoc|ARM.Deploy.0 = Release|ARM
		{82962DF5-A140-4C1E-BDAD-36F6D25866DC}.Ad-Hoc|iPhone.ActiveCfg = Release|Any CPU
		{82962DF5-A140-4C1E-BDAD-36F6D25866DC}.Ad-Hoc|iPhone.Build.0 = Release|Any CPU
		{82962DF5-A140-4C1E-BDAD-36F6D25866DC}.Ad-Hoc|iPhone.Deploy.0 = Release|Any CPU
		{82962DF5-A140-4C1E-BDAD-36F6D25866DC}.Ad-Hoc|iPhoneSimulator.ActiveCfg = Release|Any CPU
		{82962DF5-A140-4C1E-BDAD-36F6D25866DC}.Ad-Hoc|iPhoneSimulator.Build.0 = Release|Any CPU
		{82962DF5-A140-4C1E-BDAD-36F6D25866DC}.Ad-Hoc|iPhoneSimulator.Deploy.0 = Release|Any CPU
		{82962DF5-A140-4C1E-BDAD-36F6D25866DC}.Ad-Hoc|x64.ActiveCfg = Release|Any CPU
		{82962DF5-A140-4C1E-BDAD-36F6D25866DC}.Ad-Hoc|x64.Build.0 = Release|Any CPU
		{82962DF5-A140-4C1E-BDAD-36F6D25866DC}.Ad-Hoc|x64.Deploy.0 = Release|Any CPU
		{82962DF5-A140-4C1E-BDAD-36F6D25866DC}.Ad-Hoc|x86.ActiveCfg = Release|x86
		{82962DF5-A140-4C1E-BDAD-36F6D25866DC}.Ad-Hoc|x86.Build.0 = Release|x86
		{82962DF5-A140-4C1E-BDAD-36F6D25866DC}.Ad-Hoc|x86.Deploy.0 = Release|x86
		{82962DF5-A140-4C1E-BDAD-36F6D25866DC}.AppStore|Any CPU.ActiveCfg = Release|Any CPU
		{82962DF5-A140-4C1E-BDAD-36F6D25866DC}.AppStore|Any CPU.Build.0 = Release|Any CPU
		{82962DF5-A140-4C1E-BDAD-36F6D25866DC}.AppStore|Any CPU.Deploy.0 = Release|Any CPU
		{82962DF5-A140-4C1E-BDAD-36F6D25866DC}.AppStore|ARM.ActiveCfg = Release|ARM
		{82962DF5-A140-4C1E-BDAD-36F6D25866DC}.AppStore|ARM.Build.0 = Release|ARM
		{82962DF5-A140-4C1E-BDAD-36F6D25866DC}.AppStore|ARM.Deploy.0 = Release|ARM
		{82962DF5-A140-4C1E-BDAD-36F6D25866DC}.AppStore|iPhone.ActiveCfg = Release|Any CPU
		{82962DF5-A140-4C1E-BDAD-36F6D25866DC}.AppStore|iPhone.Build.0 = Release|Any CPU
		{82962DF5-A140-4C1E-BDAD-36F6D25866DC}.AppStore|iPhone.Deploy.0 = Release|Any CPU
		{82962DF5-A140-4C1E-BDAD-36F6D25866DC}.AppStore|iPhoneSimulator.ActiveCfg = Release|Any CPU
		{82962DF5-A140-4C1E-BDAD-36F6D25866DC}.AppStore|iPhoneSimulator.Build.0 = Release|Any CPU
		{82962DF5-A140-4C1E-BDAD-36F6D25866DC}.AppStore|iPhoneSimulator.Deploy.0 = Release|Any CPU
		{82962DF5-A140-4C1E-BDAD-36F6D25866DC}.AppStore|x64.ActiveCfg = Release|Any CPU
		{82962DF5-A140-4C1E-BDAD-36F6D25866DC}.AppStore|x64.Build.0 = Release|Any CPU
		{82962DF5-A140-4C1E-BDAD-36F6D25866DC}.AppStore|x64.Deploy.0 = Release|Any CPU
		{82962DF5-A140-4C1E-BDAD-36F6D25866DC}.AppStore|x86.ActiveCfg = Release|x86
		{82962DF5-A140-4C1E-BDAD-36F6D25866DC}.AppStore|x86.Build.0 = Release|x86
		{82962DF5-A140-4C1E-BDAD-36F6D25866DC}.AppStore|x86.Deploy.0 = Release|x86
		{82962DF5-A140-4C1E-BDAD-36F6D25866DC}.Debug|Any CPU.ActiveCfg = Debug|Any CPU
		{82962DF5-A140-4C1E-BDAD-36F6D25866DC}.Debug|Any CPU.Build.0 = Debug|Any CPU
		{82962DF5-A140-4C1E-BDAD-36F6D25866DC}.Debug|Any CPU.Deploy.0 = Debug|Any CPU
		{82962DF5-A140-4C1E-BDAD-36F6D25866DC}.Debug|ARM.ActiveCfg = Debug|ARM
		{82962DF5-A140-4C1E-BDAD-36F6D25866DC}.Debug|ARM.Build.0 = Debug|ARM
		{82962DF5-A140-4C1E-BDAD-36F6D25866DC}.Debug|ARM.Deploy.0 = Debug|ARM
		{82962DF5-A140-4C1E-BDAD-36F6D25866DC}.Debug|iPhone.ActiveCfg = Debug|Any CPU
		{82962DF5-A140-4C1E-BDAD-36F6D25866DC}.Debug|iPhone.Build.0 = Debug|Any CPU
		{82962DF5-A140-4C1E-BDAD-36F6D25866DC}.Debug|iPhone.Deploy.0 = Debug|Any CPU
		{82962DF5-A140-4C1E-BDAD-36F6D25866DC}.Debug|iPhoneSimulator.ActiveCfg = Debug|Any CPU
		{82962DF5-A140-4C1E-BDAD-36F6D25866DC}.Debug|iPhoneSimulator.Build.0 = Debug|Any CPU
		{82962DF5-A140-4C1E-BDAD-36F6D25866DC}.Debug|iPhoneSimulator.Deploy.0 = Debug|Any CPU
		{82962DF5-A140-4C1E-BDAD-36F6D25866DC}.Debug|x64.ActiveCfg = Debug|Any CPU
		{82962DF5-A140-4C1E-BDAD-36F6D25866DC}.Debug|x64.Build.0 = Debug|Any CPU
		{82962DF5-A140-4C1E-BDAD-36F6D25866DC}.Debug|x64.Deploy.0 = Debug|Any CPU
		{82962DF5-A140-4C1E-BDAD-36F6D25866DC}.Debug|x86.ActiveCfg = Debug|x86
		{82962DF5-A140-4C1E-BDAD-36F6D25866DC}.Debug|x86.Build.0 = Debug|x86
		{82962DF5-A140-4C1E-BDAD-36F6D25866DC}.Debug|x86.Deploy.0 = Debug|x86
		{82962DF5-A140-4C1E-BDAD-36F6D25866DC}.Release|Any CPU.ActiveCfg = Release|Any CPU
		{82962DF5-A140-4C1E-BDAD-36F6D25866DC}.Release|Any CPU.Build.0 = Release|Any CPU
		{82962DF5-A140-4C1E-BDAD-36F6D25866DC}.Release|Any CPU.Deploy.0 = Release|Any CPU
		{82962DF5-A140-4C1E-BDAD-36F6D25866DC}.Release|ARM.ActiveCfg = Release|ARM
		{82962DF5-A140-4C1E-BDAD-36F6D25866DC}.Release|ARM.Build.0 = Release|ARM
		{82962DF5-A140-4C1E-BDAD-36F6D25866DC}.Release|ARM.Deploy.0 = Release|ARM
		{82962DF5-A140-4C1E-BDAD-36F6D25866DC}.Release|iPhone.ActiveCfg = Release|Any CPU
		{82962DF5-A140-4C1E-BDAD-36F6D25866DC}.Release|iPhone.Build.0 = Release|Any CPU
		{82962DF5-A140-4C1E-BDAD-36F6D25866DC}.Release|iPhone.Deploy.0 = Release|Any CPU
		{82962DF5-A140-4C1E-BDAD-36F6D25866DC}.Release|iPhoneSimulator.ActiveCfg = Release|Any CPU
		{82962DF5-A140-4C1E-BDAD-36F6D25866DC}.Release|iPhoneSimulator.Build.0 = Release|Any CPU
		{82962DF5-A140-4C1E-BDAD-36F6D25866DC}.Release|iPhoneSimulator.Deploy.0 = Release|Any CPU
		{82962DF5-A140-4C1E-BDAD-36F6D25866DC}.Release|x64.ActiveCfg = Release|Any CPU
		{82962DF5-A140-4C1E-BDAD-36F6D25866DC}.Release|x64.Build.0 = Release|Any CPU
		{82962DF5-A140-4C1E-BDAD-36F6D25866DC}.Release|x64.Deploy.0 = Release|Any CPU
		{82962DF5-A140-4C1E-BDAD-36F6D25866DC}.Release|x86.ActiveCfg = Release|x86
		{82962DF5-A140-4C1E-BDAD-36F6D25866DC}.Release|x86.Build.0 = Release|x86
		{82962DF5-A140-4C1E-BDAD-36F6D25866DC}.Release|x86.Deploy.0 = Release|x86
		{C1F94FC3-EF5C-4C35-AB46-AA658B4A9C59}.Ad-Hoc|Any CPU.ActiveCfg = Release|x86
		{C1F94FC3-EF5C-4C35-AB46-AA658B4A9C59}.Ad-Hoc|Any CPU.Build.0 = Release|x86
		{C1F94FC3-EF5C-4C35-AB46-AA658B4A9C59}.Ad-Hoc|Any CPU.Deploy.0 = Release|x86
		{C1F94FC3-EF5C-4C35-AB46-AA658B4A9C59}.Ad-Hoc|ARM.ActiveCfg = Release|ARM
		{C1F94FC3-EF5C-4C35-AB46-AA658B4A9C59}.Ad-Hoc|ARM.Build.0 = Release|ARM
		{C1F94FC3-EF5C-4C35-AB46-AA658B4A9C59}.Ad-Hoc|ARM.Deploy.0 = Release|ARM
		{C1F94FC3-EF5C-4C35-AB46-AA658B4A9C59}.Ad-Hoc|iPhone.ActiveCfg = Release|x86
		{C1F94FC3-EF5C-4C35-AB46-AA658B4A9C59}.Ad-Hoc|iPhone.Build.0 = Release|x86
		{C1F94FC3-EF5C-4C35-AB46-AA658B4A9C59}.Ad-Hoc|iPhone.Deploy.0 = Release|x86
		{C1F94FC3-EF5C-4C35-AB46-AA658B4A9C59}.Ad-Hoc|iPhoneSimulator.ActiveCfg = Release|x86
		{C1F94FC3-EF5C-4C35-AB46-AA658B4A9C59}.Ad-Hoc|iPhoneSimulator.Build.0 = Release|x86
		{C1F94FC3-EF5C-4C35-AB46-AA658B4A9C59}.Ad-Hoc|iPhoneSimulator.Deploy.0 = Release|x86
		{C1F94FC3-EF5C-4C35-AB46-AA658B4A9C59}.Ad-Hoc|x64.ActiveCfg = Release|x64
		{C1F94FC3-EF5C-4C35-AB46-AA658B4A9C59}.Ad-Hoc|x64.Build.0 = Release|x64
		{C1F94FC3-EF5C-4C35-AB46-AA658B4A9C59}.Ad-Hoc|x64.Deploy.0 = Release|x64
		{C1F94FC3-EF5C-4C35-AB46-AA658B4A9C59}.Ad-Hoc|x86.ActiveCfg = Release|x86
		{C1F94FC3-EF5C-4C35-AB46-AA658B4A9C59}.Ad-Hoc|x86.Build.0 = Release|x86
		{C1F94FC3-EF5C-4C35-AB46-AA658B4A9C59}.Ad-Hoc|x86.Deploy.0 = Release|x86
		{C1F94FC3-EF5C-4C35-AB46-AA658B4A9C59}.AppStore|Any CPU.ActiveCfg = Release|x86
		{C1F94FC3-EF5C-4C35-AB46-AA658B4A9C59}.AppStore|Any CPU.Build.0 = Release|x86
		{C1F94FC3-EF5C-4C35-AB46-AA658B4A9C59}.AppStore|Any CPU.Deploy.0 = Release|x86
		{C1F94FC3-EF5C-4C35-AB46-AA658B4A9C59}.AppStore|ARM.ActiveCfg = Release|ARM
		{C1F94FC3-EF5C-4C35-AB46-AA658B4A9C59}.AppStore|ARM.Build.0 = Release|ARM
		{C1F94FC3-EF5C-4C35-AB46-AA658B4A9C59}.AppStore|ARM.Deploy.0 = Release|ARM
		{C1F94FC3-EF5C-4C35-AB46-AA658B4A9C59}.AppStore|iPhone.ActiveCfg = Release|x86
		{C1F94FC3-EF5C-4C35-AB46-AA658B4A9C59}.AppStore|iPhone.Build.0 = Release|x86
		{C1F94FC3-EF5C-4C35-AB46-AA658B4A9C59}.AppStore|iPhone.Deploy.0 = Release|x86
		{C1F94FC3-EF5C-4C35-AB46-AA658B4A9C59}.AppStore|iPhoneSimulator.ActiveCfg = Release|x86
		{C1F94FC3-EF5C-4C35-AB46-AA658B4A9C59}.AppStore|iPhoneSimulator.Build.0 = Release|x86
		{C1F94FC3-EF5C-4C35-AB46-AA658B4A9C59}.AppStore|iPhoneSimulator.Deploy.0 = Release|x86
		{C1F94FC3-EF5C-4C35-AB46-AA658B4A9C59}.AppStore|x64.ActiveCfg = Release|x64
		{C1F94FC3-EF5C-4C35-AB46-AA658B4A9C59}.AppStore|x64.Build.0 = Release|x64
		{C1F94FC3-EF5C-4C35-AB46-AA658B4A9C59}.AppStore|x64.Deploy.0 = Release|x64
		{C1F94FC3-EF5C-4C35-AB46-AA658B4A9C59}.AppStore|x86.ActiveCfg = Release|x86
		{C1F94FC3-EF5C-4C35-AB46-AA658B4A9C59}.AppStore|x86.Build.0 = Release|x86
		{C1F94FC3-EF5C-4C35-AB46-AA658B4A9C59}.AppStore|x86.Deploy.0 = Release|x86
		{C1F94FC3-EF5C-4C35-AB46-AA658B4A9C59}.Debug|Any CPU.ActiveCfg = Debug|x86
		{C1F94FC3-EF5C-4C35-AB46-AA658B4A9C59}.Debug|Any CPU.Build.0 = Debug|x86
		{C1F94FC3-EF5C-4C35-AB46-AA658B4A9C59}.Debug|Any CPU.Deploy.0 = Debug|x86
		{C1F94FC3-EF5C-4C35-AB46-AA658B4A9C59}.Debug|ARM.ActiveCfg = Debug|ARM
		{C1F94FC3-EF5C-4C35-AB46-AA658B4A9C59}.Debug|ARM.Build.0 = Debug|ARM
		{C1F94FC3-EF5C-4C35-AB46-AA658B4A9C59}.Debug|ARM.Deploy.0 = Debug|ARM
		{C1F94FC3-EF5C-4C35-AB46-AA658B4A9C59}.Debug|iPhone.ActiveCfg = Debug|x86
		{C1F94FC3-EF5C-4C35-AB46-AA658B4A9C59}.Debug|iPhoneSimulator.ActiveCfg = Debug|x86
		{C1F94FC3-EF5C-4C35-AB46-AA658B4A9C59}.Debug|x64.ActiveCfg = Debug|x64
		{C1F94FC3-EF5C-4C35-AB46-AA658B4A9C59}.Debug|x64.Build.0 = Debug|x64
		{C1F94FC3-EF5C-4C35-AB46-AA658B4A9C59}.Debug|x64.Deploy.0 = Debug|x64
		{C1F94FC3-EF5C-4C35-AB46-AA658B4A9C59}.Debug|x86.ActiveCfg = Debug|x86
		{C1F94FC3-EF5C-4C35-AB46-AA658B4A9C59}.Debug|x86.Build.0 = Debug|x86
		{C1F94FC3-EF5C-4C35-AB46-AA658B4A9C59}.Debug|x86.Deploy.0 = Debug|x86
		{C1F94FC3-EF5C-4C35-AB46-AA658B4A9C59}.Release|Any CPU.ActiveCfg = Release|x86
		{C1F94FC3-EF5C-4C35-AB46-AA658B4A9C59}.Release|ARM.ActiveCfg = Release|ARM
		{C1F94FC3-EF5C-4C35-AB46-AA658B4A9C59}.Release|ARM.Build.0 = Release|ARM
		{C1F94FC3-EF5C-4C35-AB46-AA658B4A9C59}.Release|ARM.Deploy.0 = Release|ARM
		{C1F94FC3-EF5C-4C35-AB46-AA658B4A9C59}.Release|iPhone.ActiveCfg = Release|x86
		{C1F94FC3-EF5C-4C35-AB46-AA658B4A9C59}.Release|iPhoneSimulator.ActiveCfg = Release|x86
		{C1F94FC3-EF5C-4C35-AB46-AA658B4A9C59}.Release|x64.ActiveCfg = Release|x64
		{C1F94FC3-EF5C-4C35-AB46-AA658B4A9C59}.Release|x64.Build.0 = Release|x64
		{C1F94FC3-EF5C-4C35-AB46-AA658B4A9C59}.Release|x64.Deploy.0 = Release|x64
		{C1F94FC3-EF5C-4C35-AB46-AA658B4A9C59}.Release|x86.ActiveCfg = Release|x86
		{C1F94FC3-EF5C-4C35-AB46-AA658B4A9C59}.Release|x86.Build.0 = Release|x86
		{C1F94FC3-EF5C-4C35-AB46-AA658B4A9C59}.Release|x86.Deploy.0 = Release|x86
		{09E3CD3B-7048-4E7F-8008-C74B91876E4B}.Ad-Hoc|Any CPU.ActiveCfg = Release|Any CPU
		{09E3CD3B-7048-4E7F-8008-C74B91876E4B}.Ad-Hoc|Any CPU.Build.0 = Release|Any CPU
		{09E3CD3B-7048-4E7F-8008-C74B91876E4B}.Ad-Hoc|Any CPU.Deploy.0 = Release|Any CPU
		{09E3CD3B-7048-4E7F-8008-C74B91876E4B}.Ad-Hoc|ARM.ActiveCfg = Release|ARM
		{09E3CD3B-7048-4E7F-8008-C74B91876E4B}.Ad-Hoc|ARM.Build.0 = Release|ARM
		{09E3CD3B-7048-4E7F-8008-C74B91876E4B}.Ad-Hoc|ARM.Deploy.0 = Release|ARM
		{09E3CD3B-7048-4E7F-8008-C74B91876E4B}.Ad-Hoc|iPhone.ActiveCfg = Release|Any CPU
		{09E3CD3B-7048-4E7F-8008-C74B91876E4B}.Ad-Hoc|iPhone.Build.0 = Release|Any CPU
		{09E3CD3B-7048-4E7F-8008-C74B91876E4B}.Ad-Hoc|iPhone.Deploy.0 = Release|Any CPU
		{09E3CD3B-7048-4E7F-8008-C74B91876E4B}.Ad-Hoc|iPhoneSimulator.ActiveCfg = Release|Any CPU
		{09E3CD3B-7048-4E7F-8008-C74B91876E4B}.Ad-Hoc|iPhoneSimulator.Build.0 = Release|Any CPU
		{09E3CD3B-7048-4E7F-8008-C74B91876E4B}.Ad-Hoc|iPhoneSimulator.Deploy.0 = Release|Any CPU
		{09E3CD3B-7048-4E7F-8008-C74B91876E4B}.Ad-Hoc|x64.ActiveCfg = Release|x64
		{09E3CD3B-7048-4E7F-8008-C74B91876E4B}.Ad-Hoc|x64.Build.0 = Release|x64
		{09E3CD3B-7048-4E7F-8008-C74B91876E4B}.Ad-Hoc|x64.Deploy.0 = Release|x64
		{09E3CD3B-7048-4E7F-8008-C74B91876E4B}.Ad-Hoc|x86.ActiveCfg = Release|x86
		{09E3CD3B-7048-4E7F-8008-C74B91876E4B}.Ad-Hoc|x86.Build.0 = Release|x86
		{09E3CD3B-7048-4E7F-8008-C74B91876E4B}.Ad-Hoc|x86.Deploy.0 = Release|x86
		{09E3CD3B-7048-4E7F-8008-C74B91876E4B}.AppStore|Any CPU.ActiveCfg = Release|Any CPU
		{09E3CD3B-7048-4E7F-8008-C74B91876E4B}.AppStore|Any CPU.Build.0 = Release|Any CPU
		{09E3CD3B-7048-4E7F-8008-C74B91876E4B}.AppStore|Any CPU.Deploy.0 = Release|Any CPU
		{09E3CD3B-7048-4E7F-8008-C74B91876E4B}.AppStore|ARM.ActiveCfg = Release|ARM
		{09E3CD3B-7048-4E7F-8008-C74B91876E4B}.AppStore|ARM.Build.0 = Release|ARM
		{09E3CD3B-7048-4E7F-8008-C74B91876E4B}.AppStore|ARM.Deploy.0 = Release|ARM
		{09E3CD3B-7048-4E7F-8008-C74B91876E4B}.AppStore|iPhone.ActiveCfg = Release|Any CPU
		{09E3CD3B-7048-4E7F-8008-C74B91876E4B}.AppStore|iPhone.Build.0 = Release|Any CPU
		{09E3CD3B-7048-4E7F-8008-C74B91876E4B}.AppStore|iPhone.Deploy.0 = Release|Any CPU
		{09E3CD3B-7048-4E7F-8008-C74B91876E4B}.AppStore|iPhoneSimulator.ActiveCfg = Release|Any CPU
		{09E3CD3B-7048-4E7F-8008-C74B91876E4B}.AppStore|iPhoneSimulator.Build.0 = Release|Any CPU
		{09E3CD3B-7048-4E7F-8008-C74B91876E4B}.AppStore|iPhoneSimulator.Deploy.0 = Release|Any CPU
		{09E3CD3B-7048-4E7F-8008-C74B91876E4B}.AppStore|x64.ActiveCfg = Release|x64
		{09E3CD3B-7048-4E7F-8008-C74B91876E4B}.AppStore|x64.Build.0 = Release|x64
		{09E3CD3B-7048-4E7F-8008-C74B91876E4B}.AppStore|x64.Deploy.0 = Release|x64
		{09E3CD3B-7048-4E7F-8008-C74B91876E4B}.AppStore|x86.ActiveCfg = Release|x86
		{09E3CD3B-7048-4E7F-8008-C74B91876E4B}.AppStore|x86.Build.0 = Release|x86
		{09E3CD3B-7048-4E7F-8008-C74B91876E4B}.AppStore|x86.Deploy.0 = Release|x86
		{09E3CD3B-7048-4E7F-8008-C74B91876E4B}.Debug|Any CPU.ActiveCfg = Debug|Any CPU
		{09E3CD3B-7048-4E7F-8008-C74B91876E4B}.Debug|Any CPU.Build.0 = Debug|Any CPU
		{09E3CD3B-7048-4E7F-8008-C74B91876E4B}.Debug|Any CPU.Deploy.0 = Debug|Any CPU
		{09E3CD3B-7048-4E7F-8008-C74B91876E4B}.Debug|ARM.ActiveCfg = Debug|ARM
		{09E3CD3B-7048-4E7F-8008-C74B91876E4B}.Debug|ARM.Build.0 = Debug|ARM
		{09E3CD3B-7048-4E7F-8008-C74B91876E4B}.Debug|ARM.Deploy.0 = Debug|ARM
		{09E3CD3B-7048-4E7F-8008-C74B91876E4B}.Debug|iPhone.ActiveCfg = Debug|Any CPU
		{09E3CD3B-7048-4E7F-8008-C74B91876E4B}.Debug|iPhone.Build.0 = Debug|Any CPU
		{09E3CD3B-7048-4E7F-8008-C74B91876E4B}.Debug|iPhone.Deploy.0 = Debug|Any CPU
		{09E3CD3B-7048-4E7F-8008-C74B91876E4B}.Debug|iPhoneSimulator.ActiveCfg = Debug|Any CPU
		{09E3CD3B-7048-4E7F-8008-C74B91876E4B}.Debug|iPhoneSimulator.Build.0 = Debug|Any CPU
		{09E3CD3B-7048-4E7F-8008-C74B91876E4B}.Debug|iPhoneSimulator.Deploy.0 = Debug|Any CPU
		{09E3CD3B-7048-4E7F-8008-C74B91876E4B}.Debug|x64.ActiveCfg = Debug|x64
		{09E3CD3B-7048-4E7F-8008-C74B91876E4B}.Debug|x64.Build.0 = Debug|x64
		{09E3CD3B-7048-4E7F-8008-C74B91876E4B}.Debug|x64.Deploy.0 = Debug|x64
		{09E3CD3B-7048-4E7F-8008-C74B91876E4B}.Debug|x86.ActiveCfg = Debug|x86
		{09E3CD3B-7048-4E7F-8008-C74B91876E4B}.Debug|x86.Build.0 = Debug|x86
		{09E3CD3B-7048-4E7F-8008-C74B91876E4B}.Debug|x86.Deploy.0 = Debug|x86
		{09E3CD3B-7048-4E7F-8008-C74B91876E4B}.Release|Any CPU.ActiveCfg = Release|Any CPU
		{09E3CD3B-7048-4E7F-8008-C74B91876E4B}.Release|Any CPU.Build.0 = Release|Any CPU
		{09E3CD3B-7048-4E7F-8008-C74B91876E4B}.Release|Any CPU.Deploy.0 = Release|Any CPU
		{09E3CD3B-7048-4E7F-8008-C74B91876E4B}.Release|ARM.ActiveCfg = Release|ARM
		{09E3CD3B-7048-4E7F-8008-C74B91876E4B}.Release|ARM.Build.0 = Release|ARM
		{09E3CD3B-7048-4E7F-8008-C74B91876E4B}.Release|ARM.Deploy.0 = Release|ARM
		{09E3CD3B-7048-4E7F-8008-C74B91876E4B}.Release|iPhone.ActiveCfg = Release|Any CPU
		{09E3CD3B-7048-4E7F-8008-C74B91876E4B}.Release|iPhone.Build.0 = Release|Any CPU
		{09E3CD3B-7048-4E7F-8008-C74B91876E4B}.Release|iPhone.Deploy.0 = Release|Any CPU
		{09E3CD3B-7048-4E7F-8008-C74B91876E4B}.Release|iPhoneSimulator.ActiveCfg = Release|Any CPU
		{09E3CD3B-7048-4E7F-8008-C74B91876E4B}.Release|iPhoneSimulator.Build.0 = Release|Any CPU
		{09E3CD3B-7048-4E7F-8008-C74B91876E4B}.Release|iPhoneSimulator.Deploy.0 = Release|Any CPU
		{09E3CD3B-7048-4E7F-8008-C74B91876E4B}.Release|x64.ActiveCfg = Release|x64
		{09E3CD3B-7048-4E7F-8008-C74B91876E4B}.Release|x64.Build.0 = Release|x64
		{09E3CD3B-7048-4E7F-8008-C74B91876E4B}.Release|x64.Deploy.0 = Release|x64
		{09E3CD3B-7048-4E7F-8008-C74B91876E4B}.Release|x86.ActiveCfg = Release|x86
		{09E3CD3B-7048-4E7F-8008-C74B91876E4B}.Release|x86.Build.0 = Release|x86
		{09E3CD3B-7048-4E7F-8008-C74B91876E4B}.Release|x86.Deploy.0 = Release|x86
	EndGlobalSection
	GlobalSection(SolutionProperties) = preSolution
		HideSolutionNode = FALSE
	EndGlobalSection
EndGlobal
